
Microsoft Visual Studio Solution File, Format Version 12.00
# Visual Studio Version 16
VisualStudioVersion = 16.0.30011.22
MinimumVisualStudioVersion = 10.0.40219.1
Project("{FAE04EC0-301F-11D3-BF4B-00C04F79EFBC}") = "InstallerTest", "InstallerTest\InstallerTest.csproj", "{F2AD1E4D-DF54-45CE-B368-9DA5FFF51992}"
EndProject
Project("{FAE04EC0-301F-11D3-BF4B-00C04F79EFBC}") = "PREBUILD", "PREBUILD\PREBUILD.csproj", "{C7FA9C60-AAD4-4055-8298-1B0C0826B529}"
EndProject
Project("{930C7802-8A8C-48F9-8165-68863BCCD9DD}") = "Bootstrapper", "Bootstrapper\Bootstrapper.wixproj", "{1B9106F0-5BA8-4857-AC0A-C1BECBA1FE51}"
EndProject
Project("{930C7802-8A8C-48F9-8165-68863BCCD9DD}") = "Installer", "Installer\Installer.wixproj", "{CB33E634-2717-49D5-A098-B1A55E9B9B5C}"
EndProject
Global
	GlobalSection(SolutionConfigurationPlatforms) = preSolution
		Debug|Any CPU = Debug|Any CPU
		Debug|x86 = Debug|x86
		Release|Any CPU = Release|Any CPU
		Release|x86 = Release|x86
	EndGlobalSection
	GlobalSection(ProjectConfigurationPlatforms) = postSolution
		{F2AD1E4D-DF54-45CE-B368-9DA5FFF51992}.Debug|Any CPU.ActiveCfg = Debug|Any CPU
		{F2AD1E4D-DF54-45CE-B368-9DA5FFF51992}.Debug|Any CPU.Build.0 = Debug|Any CPU
		{F2AD1E4D-DF54-45CE-B368-9DA5FFF51992}.Debug|x86.ActiveCfg = Debug|Any CPU
		{F2AD1E4D-DF54-45CE-B368-9DA5FFF51992}.Debug|x86.Build.0 = Debug|Any CPU
		{F2AD1E4D-DF54-45CE-B368-9DA5FFF51992}.Release|Any CPU.ActiveCfg = Release|Any CPU
		{F2AD1E4D-DF54-45CE-B368-9DA5FFF51992}.Release|Any CPU.Build.0 = Release|Any CPU
		{F2AD1E4D-DF54-45CE-B368-9DA5FFF51992}.Release|x86.ActiveCfg = Release|Any CPU
		{F2AD1E4D-DF54-45CE-B368-9DA5FFF51992}.Release|x86.Build.0 = Release|Any CPU
		{C7FA9C60-AAD4-4055-8298-1B0C0826B529}.Debug|Any CPU.ActiveCfg = Debug|Any CPU
		{C7FA9C60-AAD4-4055-8298-1B0C0826B529}.Debug|Any CPU.Build.0 = Debug|Any CPU
		{C7FA9C60-AAD4-4055-8298-1B0C0826B529}.Debug|x86.ActiveCfg = Debug|Any CPU
		{C7FA9C60-AAD4-4055-8298-1B0C0826B529}.Debug|x86.Build.0 = Debug|Any CPU
		{C7FA9C60-AAD4-4055-8298-1B0C0826B529}.Release|Any CPU.ActiveCfg = Release|Any CPU
		{C7FA9C60-AAD4-4055-8298-1B0C0826B529}.Release|Any CPU.Build.0 = Release|Any CPU
		{C7FA9C60-AAD4-4055-8298-1B0C0826B529}.Release|x86.ActiveCfg = Release|Any CPU
		{C7FA9C60-AAD4-4055-8298-1B0C0826B529}.Release|x86.Build.0 = Release|Any CPU
		{1B9106F0-5BA8-4857-AC0A-C1BECBA1FE51}.Debug|Any CPU.ActiveCfg = Debug|x86
		{1B9106F0-5BA8-4857-AC0A-C1BECBA1FE51}.Debug|x86.ActiveCfg = Debug|x86
		{1B9106F0-5BA8-4857-AC0A-C1BECBA1FE51}.Debug|x86.Build.0 = Debug|x86
		{1B9106F0-5BA8-4857-AC0A-C1BECBA1FE51}.Release|Any CPU.ActiveCfg = Release|x86
		{1B9106F0-5BA8-4857-AC0A-C1BECBA1FE51}.Release|x86.ActiveCfg = Release|x86
		{1B9106F0-5BA8-4857-AC0A-C1BECBA1FE51}.Release|x86.Build.0 = Release|x86
		{CB33E634-2717-49D5-A098-B1A55E9B9B5C}.Debug|Any CPU.ActiveCfg = Debug|x86
		{CB33E634-2717-49D5-A098-B1A55E9B9B5C}.Debug|x86.ActiveCfg = Debug|x86
		{CB33E634-2717-49D5-A098-B1A55E9B9B5C}.Debug|x86.Build.0 = Debug|x86
		{CB33E634-2717-49D5-A098-B1A55E9B9B5C}.Release|Any CPU.ActiveCfg = Release|x86
		{CB33E634-2717-49D5-A098-B1A55E9B9B5C}.Release|x86.ActiveCfg = Release|x86
		{CB33E634-2717-49D5-A098-B1A55E9B9B5C}.Release|x86.Build.0 = Release|x86
	EndGlobalSection
	GlobalSection(SolutionProperties) = preSolution
		HideSolutionNode = FALSE
	EndGlobalSection
	GlobalSection(ExtensibilityGlobals) = postSolution
		SolutionGuid = {0CA41545-B9BD-4BAF-AE8F-05383CC1780F}
	EndGlobalSection
EndGlobal
